
Microsoft Visual Studio Solution File, Format Version 12.00
# Visual Studio Version 16
VisualStudioVersion = 16.0.29326.143
MinimumVisualStudioVersion = 10.0.40219.1
Project("{FAE04EC0-301F-11D3-BF4B-00C04F79EFBC}") = "ListBindingExample", "ListBindingExample\ListBindingExample.csproj", "{B39F917E-0683-4B6B-865E-C06BA13CEDCF}"
EndProject
Global
	GlobalSection(SolutionConfigurationPlatforms) = preSolution
		Debug|Any CPU = Debug|Any CPU
		Release|Any CPU = Release|Any CPU
	EndGlobalSection
	GlobalSection(ProjectConfigurationPlatforms) = postSolution
		{B39F917E-0683-4B6B-865E-C06BA13CEDCF}.Debug|Any CPU.ActiveCfg = Debug|Any CPU
		{B39F917E-0683-4B6B-865E-C06BA13CEDCF}.Debug|Any CPU.Build.0 = Debug|Any CPU
		{B39F917E-0683-4B6B-865E-C06BA13CEDCF}.Release|Any CPU.ActiveCfg = Release|Any CPU
		{B39F917E-0683-4B6B-865E-C06BA13CEDCF}.Release|Any CPU.Build.0 = Release|Any CPU
	EndGlobalSection
	GlobalSection(SolutionProperties) = preSolution
		HideSolutionNode = FALSE
	EndGlobalSection
	GlobalSection(ExtensibilityGlobals) = postSolution
		SolutionGuid = {5101CF27-C739-4330-881E-F142841DF863}
	EndGlobalSection
EndGlobal
